{
	"name": "lcdb",
	"version": "5.1.0",
	"lockfileVersion": 1,
	"requires": true,
	"dependencies": {
		"objm": {
			"version": "0.0.3",
			"resolved": "https://registry.npmjs.org/objm/-/objm-0.0.3.tgz",
			"integrity": "sha512-Jw1PvZW7KsspJ/uORyiXdlr0OF9dGcA3Vpq3ejFj2yxQWeqEfKh7PF8FMJ+EXnZ3f2iulnQUfk0fYcDCBai5Ag=="
		}
	}
}
